
Microsoft Visual Studio Solution File, Format Version 12.00
# Visual Studio 15
VisualStudioVersion = 15.0.26430.6
MinimumVisualStudioVersion = 10.0.40219.1
Project("{FAE04EC0-301F-11D3-BF4B-00C04F79EFBC}") = "ConsoleApp8", "ConsoleApp8.csproj", "{D0F0BD58-4DFE-4328-8C80-D22D2E3DEA27}"
EndProject
Project("{9A19103F-16F7-4668-BE54-9A1E7A4F7556}") = "LibTest12", "..\LibTest12\LibTest12.csproj", "{52C14B7F-CF4D-46B0-9E6E-2CFC85BFE087}"
EndProject
Global
	GlobalSection(SolutionConfigurationPlatforms) = preSolution
		Debug|Any CPU = Debug|Any CPU
		Release|Any CPU = Release|Any CPU
	EndGlobalSection
	GlobalSection(ProjectConfigurationPlatforms) = postSolution
		{D0F0BD58-4DFE-4328-8C80-D22D2E3DEA27}.Debug|Any CPU.ActiveCfg = Debug|Any CPU
		{D0F0BD58-4DFE-4328-8C80-D22D2E3DEA27}.Debug|Any CPU.Build.0 = Debug|Any CPU
		{D0F0BD58-4DFE-4328-8C80-D22D2E3DEA27}.Release|Any CPU.ActiveCfg = Release|Any CPU
		{D0F0BD58-4DFE-4328-8C80-D22D2E3DEA27}.Release|Any CPU.Build.0 = Release|Any CPU
		{52C14B7F-CF4D-46B0-9E6E-2CFC85BFE087}.Debug|Any CPU.ActiveCfg = Debug|Any CPU
		{52C14B7F-CF4D-46B0-9E6E-2CFC85BFE087}.Debug|Any CPU.Build.0 = Debug|Any CPU
		{52C14B7F-CF4D-46B0-9E6E-2CFC85BFE087}.Release|Any CPU.ActiveCfg = Release|Any CPU
		{52C14B7F-CF4D-46B0-9E6E-2CFC85BFE087}.Release|Any CPU.Build.0 = Release|Any CPU
	EndGlobalSection
	GlobalSection(SolutionProperties) = preSolution
		HideSolutionNode = FALSE
	EndGlobalSection
EndGlobal
